
Microsoft Visual Studio Solution File, Format Version 12.00
# Visual Studio Version 16
VisualStudioVersion = 16.0.30611.23
MinimumVisualStudioVersion = 10.0.40219.1
Project("{888888A0-9F3D-457C-B088-3A5042F75D52}") = "PythonStrings", "PythonStrings\PythonStrings.pyproj", "{C187A370-B468-4A34-B948-7A67EA5DCAC5}"
EndProject
Global
	GlobalSection(SolutionConfigurationPlatforms) = preSolution
		Debug|Any CPU = Debug|Any CPU
		Release|Any CPU = Release|Any CPU
	EndGlobalSection
	GlobalSection(ProjectConfigurationPlatforms) = postSolution
		{C187A370-B468-4A34-B948-7A67EA5DCAC5}.Debug|Any CPU.ActiveCfg = Debug|Any CPU
		{C187A370-B468-4A34-B948-7A67EA5DCAC5}.Release|Any CPU.ActiveCfg = Release|Any CPU
	EndGlobalSection
	GlobalSection(SolutionProperties) = preSolution
		HideSolutionNode = FALSE
	EndGlobalSection
	GlobalSection(ExtensibilityGlobals) = postSolution
		SolutionGuid = {018E8F01-CD00-436B-A624-6356EBBE9A97}
	EndGlobalSection
EndGlobal
