
Microsoft Visual Studio Solution File, Format Version 12.00
# Visual Studio Version 16
VisualStudioVersion = 16.0.30611.23
MinimumVisualStudioVersion = 10.0.40219.1
Project("{888888A0-9F3D-457C-B088-3A5042F75D52}") = "PythonConditional", "PythonConditional\PythonConditional.pyproj", "{30333E43-817C-467F-A6F4-D99C54CDB498}"
EndProject
Global
	GlobalSection(SolutionConfigurationPlatforms) = preSolution
		Debug|Any CPU = Debug|Any CPU
		Release|Any CPU = Release|Any CPU
	EndGlobalSection
	GlobalSection(ProjectConfigurationPlatforms) = postSolution
		{30333E43-817C-467F-A6F4-D99C54CDB498}.Debug|Any CPU.ActiveCfg = Debug|Any CPU
		{30333E43-817C-467F-A6F4-D99C54CDB498}.Release|Any CPU.ActiveCfg = Release|Any CPU
	EndGlobalSection
	GlobalSection(SolutionProperties) = preSolution
		HideSolutionNode = FALSE
	EndGlobalSection
	GlobalSection(ExtensibilityGlobals) = postSolution
		SolutionGuid = {81387236-9635-4CCA-B42B-7573DDA9C5C9}
	EndGlobalSection
EndGlobal
